
Microsoft Visual Studio Solution File, Format Version 11.00
# Visual Studio 2010
Project("{FAE04EC0-301F-11D3-BF4B-00C04F79EFBC}") = "FatCat-Logger", "FatCat-Logger\FatCat-Logger.csproj", "{7FE02001-3223-4015-9B9C-527B7D1F35DA}"
EndProject
Project("{2150E333-8FDC-42A3-9474-1A3956D46DE8}") = "Tests", "Tests", "{1E1D7566-F521-4FA7-AFFD-882BF68C5282}"
EndProject
Project("{FAE04EC0-301F-11D3-BF4B-00C04F79EFBC}") = "FatCat-Logger.UnitTests", "FatCat-Logger.UnitTests\FatCat-Logger.UnitTests.csproj", "{41A338EE-3C92-4733-BA9E-0701EF9B5776}"
EndProject
Project("{FAE04EC0-301F-11D3-BF4B-00C04F79EFBC}") = "FatCat-Logger.AcceptanceTests", "FatCat-Logger.AcceptanceTests\FatCat-Logger.AcceptanceTests.csproj", "{A94D0902-FB23-42BB-B90A-9A67640C4E38}"
EndProject
Project("{FAE04EC0-301F-11D3-BF4B-00C04F79EFBC}") = "TestConsole", "TestConsole\TestConsole.csproj", "{6D52266F-C2D6-42ED-B58A-96832578E88A}"
EndProject
Global
	GlobalSection(SolutionConfigurationPlatforms) = preSolution
		Debug|Any CPU = Debug|Any CPU
		Debug|Mixed Platforms = Debug|Mixed Platforms
		Debug|x86 = Debug|x86
		Release|Any CPU = Release|Any CPU
		Release|Mixed Platforms = Release|Mixed Platforms
		Release|x86 = Release|x86
	EndGlobalSection
	GlobalSection(ProjectConfigurationPlatforms) = postSolution
		{7FE02001-3223-4015-9B9C-527B7D1F35DA}.Debug|Any CPU.ActiveCfg = Debug|Any CPU
		{7FE02001-3223-4015-9B9C-527B7D1F35DA}.Debug|Any CPU.Build.0 = Debug|Any CPU
		{7FE02001-3223-4015-9B9C-527B7D1F35DA}.Debug|Mixed Platforms.ActiveCfg = Debug|Any CPU
		{7FE02001-3223-4015-9B9C-527B7D1F35DA}.Debug|Mixed Platforms.Build.0 = Debug|Any CPU
		{7FE02001-3223-4015-9B9C-527B7D1F35DA}.Debug|x86.ActiveCfg = Debug|Any CPU
		{7FE02001-3223-4015-9B9C-527B7D1F35DA}.Release|Any CPU.ActiveCfg = Release|Any CPU
		{7FE02001-3223-4015-9B9C-527B7D1F35DA}.Release|Any CPU.Build.0 = Release|Any CPU
		{7FE02001-3223-4015-9B9C-527B7D1F35DA}.Release|Mixed Platforms.ActiveCfg = Release|Any CPU
		{7FE02001-3223-4015-9B9C-527B7D1F35DA}.Release|Mixed Platforms.Build.0 = Release|Any CPU
		{7FE02001-3223-4015-9B9C-527B7D1F35DA}.Release|x86.ActiveCfg = Release|Any CPU
		{41A338EE-3C92-4733-BA9E-0701EF9B5776}.Debug|Any CPU.ActiveCfg = Debug|Any CPU
		{41A338EE-3C92-4733-BA9E-0701EF9B5776}.Debug|Any CPU.Build.0 = Debug|Any CPU
		{41A338EE-3C92-4733-BA9E-0701EF9B5776}.Debug|Mixed Platforms.ActiveCfg = Debug|Any CPU
		{41A338EE-3C92-4733-BA9E-0701EF9B5776}.Debug|Mixed Platforms.Build.0 = Debug|Any CPU
		{41A338EE-3C92-4733-BA9E-0701EF9B5776}.Debug|x86.ActiveCfg = Debug|Any CPU
		{41A338EE-3C92-4733-BA9E-0701EF9B5776}.Release|Any CPU.ActiveCfg = Release|Any CPU
		{41A338EE-3C92-4733-BA9E-0701EF9B5776}.Release|Any CPU.Build.0 = Release|Any CPU
		{41A338EE-3C92-4733-BA9E-0701EF9B5776}.Release|Mixed Platforms.ActiveCfg = Release|Any CPU
		{41A338EE-3C92-4733-BA9E-0701EF9B5776}.Release|Mixed Platforms.Build.0 = Release|Any CPU
		{41A338EE-3C92-4733-BA9E-0701EF9B5776}.Release|x86.ActiveCfg = Release|Any CPU
		{A94D0902-FB23-42BB-B90A-9A67640C4E38}.Debug|Any CPU.ActiveCfg = Debug|Any CPU
		{A94D0902-FB23-42BB-B90A-9A67640C4E38}.Debug|Any CPU.Build.0 = Debug|Any CPU
		{A94D0902-FB23-42BB-B90A-9A67640C4E38}.Debug|Mixed Platforms.ActiveCfg = Debug|Any CPU
		{A94D0902-FB23-42BB-B90A-9A67640C4E38}.Debug|Mixed Platforms.Build.0 = Debug|Any CPU
		{A94D0902-FB23-42BB-B90A-9A67640C4E38}.Debug|x86.ActiveCfg = Debug|Any CPU
		{A94D0902-FB23-42BB-B90A-9A67640C4E38}.Release|Any CPU.ActiveCfg = Release|Any CPU
		{A94D0902-FB23-42BB-B90A-9A67640C4E38}.Release|Any CPU.Build.0 = Release|Any CPU
		{A94D0902-FB23-42BB-B90A-9A67640C4E38}.Release|Mixed Platforms.ActiveCfg = Release|Any CPU
		{A94D0902-FB23-42BB-B90A-9A67640C4E38}.Release|Mixed Platforms.Build.0 = Release|Any CPU
		{A94D0902-FB23-42BB-B90A-9A67640C4E38}.Release|x86.ActiveCfg = Release|Any CPU
		{6D52266F-C2D6-42ED-B58A-96832578E88A}.Debug|Any CPU.ActiveCfg = Debug|x86
		{6D52266F-C2D6-42ED-B58A-96832578E88A}.Debug|Mixed Platforms.ActiveCfg = Debug|x86
		{6D52266F-C2D6-42ED-B58A-96832578E88A}.Debug|Mixed Platforms.Build.0 = Debug|x86
		{6D52266F-C2D6-42ED-B58A-96832578E88A}.Debug|x86.ActiveCfg = Debug|x86
		{6D52266F-C2D6-42ED-B58A-96832578E88A}.Debug|x86.Build.0 = Debug|x86
		{6D52266F-C2D6-42ED-B58A-96832578E88A}.Release|Any CPU.ActiveCfg = Release|x86
		{6D52266F-C2D6-42ED-B58A-96832578E88A}.Release|Mixed Platforms.ActiveCfg = Release|x86
		{6D52266F-C2D6-42ED-B58A-96832578E88A}.Release|Mixed Platforms.Build.0 = Release|x86
		{6D52266F-C2D6-42ED-B58A-96832578E88A}.Release|x86.ActiveCfg = Release|x86
		{6D52266F-C2D6-42ED-B58A-96832578E88A}.Release|x86.Build.0 = Release|x86
	EndGlobalSection
	GlobalSection(SolutionProperties) = preSolution
		HideSolutionNode = FALSE
	EndGlobalSection
	GlobalSection(NestedProjects) = preSolution
		{41A338EE-3C92-4733-BA9E-0701EF9B5776} = {1E1D7566-F521-4FA7-AFFD-882BF68C5282}
		{A94D0902-FB23-42BB-B90A-9A67640C4E38} = {1E1D7566-F521-4FA7-AFFD-882BF68C5282}
		{6D52266F-C2D6-42ED-B58A-96832578E88A} = {1E1D7566-F521-4FA7-AFFD-882BF68C5282}
	EndGlobalSection
EndGlobal
